{
  "name": "meu-programa",
  "version": "1.0.0",
  "lockfileVersion": 3,
  "requires": true,
  "packages": {
    "": {
      "name": "meu-programa",
      "version": "1.0.0",
      "license": "ISC",
      "dependencies": {
        "matematica": "file:../pacote matematica"
      }
    },
    "../pacote matematica": {
      "name": "matematica",
      "version": "1.0.0",
      "license": "ISC"
    },
    "node_modules/matematica": {
      "resolved": "../pacote matematica",
      "link": true
    }
  }
}
